
Microsoft Visual Studio Solution File, Format Version 12.00
# Visual Studio Version 17
VisualStudioVersion = 17.11.35327.3
MinimumVisualStudioVersion = 10.0.40219.1
Project("{FAE04EC0-301F-11D3-BF4B-00C04F79EFBC}") = "classes_structs_oop", "classes_structs_oop\classes_structs_oop.csproj", "{D553F817-5E19-4BC3-A735-3F6EC1E0DB6D}"
EndProject
Global
	GlobalSection(SolutionConfigurationPlatforms) = preSolution
		Debug|Any CPU = Debug|Any CPU
		Release|Any CPU = Release|Any CPU
	EndGlobalSection
	GlobalSection(ProjectConfigurationPlatforms) = postSolution
		{D553F817-5E19-4BC3-A735-3F6EC1E0DB6D}.Debug|Any CPU.ActiveCfg = Debug|Any CPU
		{D553F817-5E19-4BC3-A735-3F6EC1E0DB6D}.Debug|Any CPU.Build.0 = Debug|Any CPU
		{D553F817-5E19-4BC3-A735-3F6EC1E0DB6D}.Release|Any CPU.ActiveCfg = Release|Any CPU
		{D553F817-5E19-4BC3-A735-3F6EC1E0DB6D}.Release|Any CPU.Build.0 = Release|Any CPU
	EndGlobalSection
	GlobalSection(SolutionProperties) = preSolution
		HideSolutionNode = FALSE
	EndGlobalSection
	GlobalSection(ExtensibilityGlobals) = postSolution
		SolutionGuid = {7D0135F6-B531-4EBD-BE7F-361D30ECA505}
	EndGlobalSection
EndGlobal
